
Microsoft Visual Studio Solution File, Format Version 12.00
# Visual Studio 2015
Project("{FAE04EC0-301F-11D3-BF4B-00C04F79EFBC}") = "CV-Interactive.CSharp.Plugins", "CV-Interactive.CSharp.Plugins.csproj", "{976BE87C-D90F-418E-9B2E-431F9D3446AE}"
EndProject
Project("{FAE04EC0-301F-11D3-BF4B-00C04F79EFBC}") = "CV-Interactive.CSharp.Editor", "CV-Interactive.CSharp.Editor.csproj", "{90BF78C0-EE0D-D216-A409-401538B5ABAA}"
EndProject
Global
	GlobalSection(SolutionConfigurationPlatforms) = preSolution
		Debug|Any CPU = Debug|Any CPU
		Release|Any CPU = Release|Any CPU
	EndGlobalSection
	GlobalSection(ProjectConfigurationPlatforms) = postSolution
		{976BE87C-D90F-418E-9B2E-431F9D3446AE}.Debug|Any CPU.ActiveCfg = Debug|Any CPU
		{976BE87C-D90F-418E-9B2E-431F9D3446AE}.Debug|Any CPU.Build.0 = Debug|Any CPU
		{976BE87C-D90F-418E-9B2E-431F9D3446AE}.Release|Any CPU.ActiveCfg = Release|Any CPU
		{976BE87C-D90F-418E-9B2E-431F9D3446AE}.Release|Any CPU.Build.0 = Release|Any CPU
		{90BF78C0-EE0D-D216-A409-401538B5ABAA}.Debug|Any CPU.ActiveCfg = Debug|Any CPU
		{90BF78C0-EE0D-D216-A409-401538B5ABAA}.Debug|Any CPU.Build.0 = Debug|Any CPU
		{90BF78C0-EE0D-D216-A409-401538B5ABAA}.Release|Any CPU.ActiveCfg = Release|Any CPU
		{90BF78C0-EE0D-D216-A409-401538B5ABAA}.Release|Any CPU.Build.0 = Release|Any CPU
	EndGlobalSection
	GlobalSection(SolutionProperties) = preSolution
		HideSolutionNode = FALSE
	EndGlobalSection
EndGlobal
